
Microsoft Visual Studio Solution File, Format Version 12.00
# Visual Studio Version 17
VisualStudioVersion = 17.14.36511.14 d17.14
MinimumVisualStudioVersion = 10.0.40219.1
Project("{FAE04EC0-301F-11D3-BF4B-00C04F79EFBC}") = "F25Week4IntroToGenerics", "F25Week4IntroToGenerics\F25Week4IntroToGenerics.csproj", "{3C17B3DA-48D6-410F-8B84-E44226381116}"
EndProject
Global
	GlobalSection(SolutionConfigurationPlatforms) = preSolution
		Debug|Any CPU = Debug|Any CPU
		Release|Any CPU = Release|Any CPU
	EndGlobalSection
	GlobalSection(ProjectConfigurationPlatforms) = postSolution
		{3C17B3DA-48D6-410F-8B84-E44226381116}.Debug|Any CPU.ActiveCfg = Debug|Any CPU
		{3C17B3DA-48D6-410F-8B84-E44226381116}.Debug|Any CPU.Build.0 = Debug|Any CPU
		{3C17B3DA-48D6-410F-8B84-E44226381116}.Release|Any CPU.ActiveCfg = Release|Any CPU
		{3C17B3DA-48D6-410F-8B84-E44226381116}.Release|Any CPU.Build.0 = Release|Any CPU
	EndGlobalSection
	GlobalSection(SolutionProperties) = preSolution
		HideSolutionNode = FALSE
	EndGlobalSection
	GlobalSection(ExtensibilityGlobals) = postSolution
		SolutionGuid = {4458F9CD-191F-4213-80C0-01790D44AADF}
	EndGlobalSection
EndGlobal
